
Microsoft Visual Studio Solution File, Format Version 12.00
# Visual Studio 2013
Project("{FAE04EC0-301F-11D3-BF4B-00C04F79EFBC}") = "SpaceInvaders.CSharp", "SpaceInvaders.CSharp.csproj", "{ED451D6A-E810-3E71-FC6C-D5DB1BF9E270}"
EndProject
Project("{FAE04EC0-301F-11D3-BF4B-00C04F79EFBC}") = "SpaceInvaders.CSharp.Editor", "SpaceInvaders.CSharp.Editor.csproj", "{FAD3E601-AFD4-620A-5340-2231E5A65380}"
EndProject
Global
	GlobalSection(SolutionConfigurationPlatforms) = preSolution
		Debug|Any CPU = Debug|Any CPU
		Release|Any CPU = Release|Any CPU
	EndGlobalSection
	GlobalSection(ProjectConfigurationPlatforms) = postSolution
		{ED451D6A-E810-3E71-FC6C-D5DB1BF9E270}.Debug|Any CPU.ActiveCfg = Debug|Any CPU
		{ED451D6A-E810-3E71-FC6C-D5DB1BF9E270}.Debug|Any CPU.Build.0 = Debug|Any CPU
		{ED451D6A-E810-3E71-FC6C-D5DB1BF9E270}.Release|Any CPU.ActiveCfg = Release|Any CPU
		{ED451D6A-E810-3E71-FC6C-D5DB1BF9E270}.Release|Any CPU.Build.0 = Release|Any CPU
		{FAD3E601-AFD4-620A-5340-2231E5A65380}.Debug|Any CPU.ActiveCfg = Debug|Any CPU
		{FAD3E601-AFD4-620A-5340-2231E5A65380}.Debug|Any CPU.Build.0 = Debug|Any CPU
		{FAD3E601-AFD4-620A-5340-2231E5A65380}.Release|Any CPU.ActiveCfg = Release|Any CPU
		{FAD3E601-AFD4-620A-5340-2231E5A65380}.Release|Any CPU.Build.0 = Release|Any CPU
	EndGlobalSection
	GlobalSection(SolutionProperties) = preSolution
		HideSolutionNode = FALSE
	EndGlobalSection
EndGlobal
